
Microsoft Visual Studio Solution File, Format Version 12.00
# Visual Studio 15
VisualStudioVersion = 15.0.27428.2005
MinimumVisualStudioVersion = 10.0.40219.1
Project("{9A19103F-16F7-4668-BE54-9A1E7A4F7556}") = "Excerse", "Excerse\Excerse.csproj", "{4AC54EAE-D94E-4838-9386-105F20D54242}"
EndProject
Project("{9A19103F-16F7-4668-BE54-9A1E7A4F7556}") = "ClassDesign", "ClassDesign\ClassDesign.csproj", "{D4DF0759-F3A0-40E9-AEFE-0A61DC404F6C}"
EndProject
Project("{9A19103F-16F7-4668-BE54-9A1E7A4F7556}") = "Class_Constructor", "Class_Constructor\Class_Constructor.csproj", "{D04B37C6-DF7F-417F-8815-35DEF066A6C9}"
EndProject
Project("{9A19103F-16F7-4668-BE54-9A1E7A4F7556}") = "SingleClass", "SingleClass\SingleClass.csproj", "{38EE5607-0B85-4300-8E43-364C5613C135}"
EndProject
Project("{9A19103F-16F7-4668-BE54-9A1E7A4F7556}") = "MultiShape", "MultiShape\MultiShape.csproj", "{21446C25-8E5B-4806-B21F-356A730D9BD5}"
EndProject
Project("{FAE04EC0-301F-11D3-BF4B-00C04F79EFBC}") = "DelegateDemo", "DelegateDemo\DelegateDemo.csproj", "{7EEECAEC-D096-4B70-96DF-37332FF183B8}"
EndProject
Project("{FAE04EC0-301F-11D3-BF4B-00C04F79EFBC}") = "匿名方法", "匿名方法\匿名方法.csproj", "{6826458C-BCB9-4ABD-92C6-266F2DBF34D2}"
EndProject
Global
	GlobalSection(SolutionConfigurationPlatforms) = preSolution
		Debug|Any CPU = Debug|Any CPU
		Release|Any CPU = Release|Any CPU
	EndGlobalSection
	GlobalSection(ProjectConfigurationPlatforms) = postSolution
		{4AC54EAE-D94E-4838-9386-105F20D54242}.Debug|Any CPU.ActiveCfg = Debug|Any CPU
		{4AC54EAE-D94E-4838-9386-105F20D54242}.Debug|Any CPU.Build.0 = Debug|Any CPU
		{4AC54EAE-D94E-4838-9386-105F20D54242}.Release|Any CPU.ActiveCfg = Release|Any CPU
		{4AC54EAE-D94E-4838-9386-105F20D54242}.Release|Any CPU.Build.0 = Release|Any CPU
		{D4DF0759-F3A0-40E9-AEFE-0A61DC404F6C}.Debug|Any CPU.ActiveCfg = Debug|Any CPU
		{D4DF0759-F3A0-40E9-AEFE-0A61DC404F6C}.Debug|Any CPU.Build.0 = Debug|Any CPU
		{D4DF0759-F3A0-40E9-AEFE-0A61DC404F6C}.Release|Any CPU.ActiveCfg = Release|Any CPU
		{D4DF0759-F3A0-40E9-AEFE-0A61DC404F6C}.Release|Any CPU.Build.0 = Release|Any CPU
		{D04B37C6-DF7F-417F-8815-35DEF066A6C9}.Debug|Any CPU.ActiveCfg = Debug|Any CPU
		{D04B37C6-DF7F-417F-8815-35DEF066A6C9}.Debug|Any CPU.Build.0 = Debug|Any CPU
		{D04B37C6-DF7F-417F-8815-35DEF066A6C9}.Release|Any CPU.ActiveCfg = Release|Any CPU
		{D04B37C6-DF7F-417F-8815-35DEF066A6C9}.Release|Any CPU.Build.0 = Release|Any CPU
		{38EE5607-0B85-4300-8E43-364C5613C135}.Debug|Any CPU.ActiveCfg = Debug|Any CPU
		{38EE5607-0B85-4300-8E43-364C5613C135}.Debug|Any CPU.Build.0 = Debug|Any CPU
		{38EE5607-0B85-4300-8E43-364C5613C135}.Release|Any CPU.ActiveCfg = Release|Any CPU
		{38EE5607-0B85-4300-8E43-364C5613C135}.Release|Any CPU.Build.0 = Release|Any CPU
		{21446C25-8E5B-4806-B21F-356A730D9BD5}.Debug|Any CPU.ActiveCfg = Debug|Any CPU
		{21446C25-8E5B-4806-B21F-356A730D9BD5}.Debug|Any CPU.Build.0 = Debug|Any CPU
		{21446C25-8E5B-4806-B21F-356A730D9BD5}.Release|Any CPU.ActiveCfg = Release|Any CPU
		{21446C25-8E5B-4806-B21F-356A730D9BD5}.Release|Any CPU.Build.0 = Release|Any CPU
		{7EEECAEC-D096-4B70-96DF-37332FF183B8}.Debug|Any CPU.ActiveCfg = Debug|Any CPU
		{7EEECAEC-D096-4B70-96DF-37332FF183B8}.Debug|Any CPU.Build.0 = Debug|Any CPU
		{7EEECAEC-D096-4B70-96DF-37332FF183B8}.Release|Any CPU.ActiveCfg = Release|Any CPU
		{7EEECAEC-D096-4B70-96DF-37332FF183B8}.Release|Any CPU.Build.0 = Release|Any CPU
		{6826458C-BCB9-4ABD-92C6-266F2DBF34D2}.Debug|Any CPU.ActiveCfg = Debug|Any CPU
		{6826458C-BCB9-4ABD-92C6-266F2DBF34D2}.Debug|Any CPU.Build.0 = Debug|Any CPU
		{6826458C-BCB9-4ABD-92C6-266F2DBF34D2}.Release|Any CPU.ActiveCfg = Release|Any CPU
		{6826458C-BCB9-4ABD-92C6-266F2DBF34D2}.Release|Any CPU.Build.0 = Release|Any CPU
	EndGlobalSection
	GlobalSection(SolutionProperties) = preSolution
		HideSolutionNode = FALSE
	EndGlobalSection
	GlobalSection(ExtensibilityGlobals) = postSolution
		SolutionGuid = {3898CBBD-3E6B-467A-9C14-6ED97FBB1AEA}
	EndGlobalSection
EndGlobal
